
Microsoft Visual Studio Solution File, Format Version 12.00
# Visual Studio Version 17
VisualStudioVersion = 17.11.35327.3
MinimumVisualStudioVersion = 10.0.40219.1
Project("{FAE04EC0-301F-11D3-BF4B-00C04F79EFBC}") = "Testfyp", "Testfyp\Testfyp.csproj", "{7D67EB45-39D3-42A1-8B45-0D4DB421522A}"
EndProject
Global
	GlobalSection(SolutionConfigurationPlatforms) = preSolution
		Debug|Any CPU = Debug|Any CPU
		Release|Any CPU = Release|Any CPU
	EndGlobalSection
	GlobalSection(ProjectConfigurationPlatforms) = postSolution
		{7D67EB45-39D3-42A1-8B45-0D4DB421522A}.Debug|Any CPU.ActiveCfg = Debug|Any CPU
		{7D67EB45-39D3-42A1-8B45-0D4DB421522A}.Debug|Any CPU.Build.0 = Debug|Any CPU
		{7D67EB45-39D3-42A1-8B45-0D4DB421522A}.Release|Any CPU.ActiveCfg = Release|Any CPU
		{7D67EB45-39D3-42A1-8B45-0D4DB421522A}.Release|Any CPU.Build.0 = Release|Any CPU
	EndGlobalSection
	GlobalSection(SolutionProperties) = preSolution
		HideSolutionNode = FALSE
	EndGlobalSection
	GlobalSection(ExtensibilityGlobals) = postSolution
		SolutionGuid = {18BCAECB-1F0D-4018-B250-0A39CF3A6C95}
	EndGlobalSection
EndGlobal
